
Microsoft Visual Studio Solution File, Format Version 12.00
# Visual Studio 15
VisualStudioVersion = 15.0.28307.421
MinimumVisualStudioVersion = 10.0.40219.1
Project("{9A19103F-16F7-4668-BE54-9A1E7A4F7556}") = "Angular_ASPNETCore_Realtor", "Angular_ASPNETCore_Realtor.csproj", "{B5A7CF73-5D93-4641-8731-3069C1BB6E8B}"
EndProject
Global
	GlobalSection(SolutionConfigurationPlatforms) = preSolution
		Debug|Any CPU = Debug|Any CPU
		Release|Any CPU = Release|Any CPU
	EndGlobalSection
	GlobalSection(ProjectConfigurationPlatforms) = postSolution
		{B5A7CF73-5D93-4641-8731-3069C1BB6E8B}.Debug|Any CPU.ActiveCfg = Debug|Any CPU
		{B5A7CF73-5D93-4641-8731-3069C1BB6E8B}.Debug|Any CPU.Build.0 = Debug|Any CPU
		{B5A7CF73-5D93-4641-8731-3069C1BB6E8B}.Release|Any CPU.ActiveCfg = Release|Any CPU
		{B5A7CF73-5D93-4641-8731-3069C1BB6E8B}.Release|Any CPU.Build.0 = Release|Any CPU
	EndGlobalSection
	GlobalSection(SolutionProperties) = preSolution
		HideSolutionNode = FALSE
	EndGlobalSection
	GlobalSection(ExtensibilityGlobals) = postSolution
		SolutionGuid = {695B06C5-ABF3-44AD-B16B-2436E247A427}
	EndGlobalSection
EndGlobal
